// !$*UTF8*$!
{
	archiveVersion = 1;
	classes = {
	};
	objectVersion = 52;
	objects = {

/* Begin PBXBuildFile section */
		C914FD762579F9010075DC59 /* AOC4.swift in Sources */ = {isa = PBXBuildFile; fileRef = C914FD752579F9010075DC59 /* AOC4.swift */; };
		C914FD772579F9010075DC59 /* AOC4.swift in Sources */ = {isa = PBXBuildFile; fileRef = C914FD752579F9010075DC59 /* AOC4.swift */; };
		C914FD7D257B4A780075DC59 /* AOC5.swift in Sources */ = {isa = PBXBuildFile; fileRef = C914FD7C257B4A780075DC59 /* AOC5.swift */; };
		C914FD7E257B4A780075DC59 /* AOC5.swift in Sources */ = {isa = PBXBuildFile; fileRef = C914FD7C257B4A780075DC59 /* AOC5.swift */; };
		C914FD82257B60FC0075DC59 /* IndexSet.swift in Sources */ = {isa = PBXBuildFile; fileRef = C914FD81257B60FC0075DC59 /* IndexSet.swift */; };
		C914FD83257B60FC0075DC59 /* IndexSet.swift in Sources */ = {isa = PBXBuildFile; fileRef = C914FD81257B60FC0075DC59 /* IndexSet.swift */; };
		C914FD89257C9BD70075DC59 /* AOC6.swift in Sources */ = {isa = PBXBuildFile; fileRef = C914FD88257C9BD70075DC59 /* AOC6.swift */; };
		C914FD8A257C9BD70075DC59 /* AOC6.swift in Sources */ = {isa = PBXBuildFile; fileRef = C914FD88257C9BD70075DC59 /* AOC6.swift */; };
		C914FD8E257CA8BD0075DC59 /* Leaderboard.swift in Sources */ = {isa = PBXBuildFile; fileRef = C914FD8D257CA8BD0075DC59 /* Leaderboard.swift */; };
		C914FD8F257CA8BD0075DC59 /* Leaderboard.swift in Sources */ = {isa = PBXBuildFile; fileRef = C914FD8D257CA8BD0075DC59 /* Leaderboard.swift */; };
		C914FD93257CA9460075DC59 /* HTTPCookieStorage.swift in Sources */ = {isa = PBXBuildFile; fileRef = C914FD92257CA9460075DC59 /* HTTPCookieStorage.swift */; };
		C914FD94257CA9460075DC59 /* HTTPCookieStorage.swift in Sources */ = {isa = PBXBuildFile; fileRef = C914FD92257CA9460075DC59 /* HTTPCookieStorage.swift */; };
		C914FD98257DEDC70075DC59 /* AOC7.swift in Sources */ = {isa = PBXBuildFile; fileRef = C914FD97257DEDC70075DC59 /* AOC7.swift */; };
		C914FD99257DEDC70075DC59 /* AOC7.swift in Sources */ = {isa = PBXBuildFile; fileRef = C914FD97257DEDC70075DC59 /* AOC7.swift */; };
		C914FD9F257F3F150075DC59 /* AOC8.swift in Sources */ = {isa = PBXBuildFile; fileRef = C914FD9E257F3F150075DC59 /* AOC8.swift */; };
		C914FDA0257F3F150075DC59 /* AOC8.swift in Sources */ = {isa = PBXBuildFile; fileRef = C914FD9E257F3F150075DC59 /* AOC8.swift */; };
		C91CAA2023B6E2F300DB2F6B /* PuzzleTests.swift in Sources */ = {isa = PBXBuildFile; fileRef = C91CAA1F23B6E2F300DB2F6B /* PuzzleTests.swift */; };
		C91CAA2123B6E32400DB2F6B /* AOC1.swift in Sources */ = {isa = PBXBuildFile; fileRef = C93CC4D323B59ADF003FC00C /* AOC1.swift */; };
		C93CC4C323B597FE003FC00C /* main.swift in Sources */ = {isa = PBXBuildFile; fileRef = C93CC4C223B597FE003FC00C /* main.swift */; };
		C93CC4D423B59ADF003FC00C /* AOC1.swift in Sources */ = {isa = PBXBuildFile; fileRef = C93CC4D323B59ADF003FC00C /* AOC1.swift */; };
		C945A9732576007900932A38 /* Example.swift in Sources */ = {isa = PBXBuildFile; fileRef = C945A9722576007900932A38 /* Example.swift */; };
		C945A974257600D900932A38 /* Example.swift in Sources */ = {isa = PBXBuildFile; fileRef = C945A9722576007900932A38 /* Example.swift */; };
		C945A9762577562D00932A38 /* AOC2.swift in Sources */ = {isa = PBXBuildFile; fileRef = C945A9752577562D00932A38 /* AOC2.swift */; };
		C945A97725776A6900932A38 /* AOC2.swift in Sources */ = {isa = PBXBuildFile; fileRef = C945A9752577562D00932A38 /* AOC2.swift */; };
		C945A9792577708100932A38 /* InputStore.swift in Sources */ = {isa = PBXBuildFile; fileRef = C945A9782577708100932A38 /* InputStore.swift */; };
		C945A97A2577725200932A38 /* InputStore.swift in Sources */ = {isa = PBXBuildFile; fileRef = C945A9782577708100932A38 /* InputStore.swift */; };
		C945A9802577966500932A38 /* ArgumentParser in Frameworks */ = {isa = PBXBuildFile; productRef = C945A97F2577966500932A38 /* ArgumentParser */; };
		C945A9822577978700932A38 /* PuzzleSet.swift in Sources */ = {isa = PBXBuildFile; fileRef = C945A9812577978700932A38 /* PuzzleSet.swift */; };
		C945A9832577978C00932A38 /* PuzzleSet.swift in Sources */ = {isa = PBXBuildFile; fileRef = C945A9812577978700932A38 /* PuzzleSet.swift */; };
		C945A991257808F300932A38 /* String.swift in Sources */ = {isa = PBXBuildFile; fileRef = C945A990257808F300932A38 /* String.swift */; };
		C945A993257808FB00932A38 /* Date.swift in Sources */ = {isa = PBXBuildFile; fileRef = C945A992257808FB00932A38 /* Date.swift */; };
		C945A9952578090D00932A38 /* Sequence.swift in Sources */ = {isa = PBXBuildFile; fileRef = C945A9942578090D00932A38 /* Sequence.swift */; };
		C945A9972578099600932A38 /* String.swift in Sources */ = {isa = PBXBuildFile; fileRef = C945A990257808F300932A38 /* String.swift */; };
		C945A9982578099600932A38 /* Date.swift in Sources */ = {isa = PBXBuildFile; fileRef = C945A992257808FB00932A38 /* Date.swift */; };
		C945A9992578099600932A38 /* Sequence.swift in Sources */ = {isa = PBXBuildFile; fileRef = C945A9942578090D00932A38 /* Sequence.swift */; };
		C9858F5C2580911B0083B2C9 /* AOC9.swift in Sources */ = {isa = PBXBuildFile; fileRef = C9858F5B2580911B0083B2C9 /* AOC9.swift */; };
		C9858F5D2580911B0083B2C9 /* AOC9.swift in Sources */ = {isa = PBXBuildFile; fileRef = C9858F5B2580911B0083B2C9 /* AOC9.swift */; };
		C9858F632580A28F0083B2C9 /* AOC10.swift in Sources */ = {isa = PBXBuildFile; fileRef = C9858F622580A28F0083B2C9 /* AOC10.swift */; };
		C9858F642580A28F0083B2C9 /* AOC10.swift in Sources */ = {isa = PBXBuildFile; fileRef = C9858F622580A28F0083B2C9 /* AOC10.swift */; };
		C9858F682580A2C20083B2C9 /* Program.swift in Sources */ = {isa = PBXBuildFile; fileRef = C9858F672580A2C20083B2C9 /* Program.swift */; };
		C9858F692580A2C20083B2C9 /* Program.swift in Sources */ = {isa = PBXBuildFile; fileRef = C9858F672580A2C20083B2C9 /* Program.swift */; };
		C9858F6D258333720083B2C9 /* AOC11.swift in Sources */ = {isa = PBXBuildFile; fileRef = C9858F6C258333720083B2C9 /* AOC11.swift */; };
		C9858F6E258333720083B2C9 /* AOC11.swift in Sources */ = {isa = PBXBuildFile; fileRef = C9858F6C258333720083B2C9 /* AOC11.swift */; };
		C9858F722584850F0083B2C9 /* AOC12.swift in Sources */ = {isa = PBXBuildFile; fileRef = C9858F712584850F0083B2C9 /* AOC12.swift */; };
		C9858F732584850F0083B2C9 /* AOC12.swift in Sources */ = {isa = PBXBuildFile; fileRef = C9858F712584850F0083B2C9 /* AOC12.swift */; };
		C9858F772584A2100083B2C9 /* Point.swift in Sources */ = {isa = PBXBuildFile; fileRef = C9858F762584A2100083B2C9 /* Point.swift */; };
		C9858F782584A2100083B2C9 /* Point.swift in Sources */ = {isa = PBXBuildFile; fileRef = C9858F762584A2100083B2C9 /* Point.swift */; };
		C9858F852585D2D20083B2C9 /* AOC13.swift in Sources */ = {isa = PBXBuildFile; fileRef = C9858F842585D2D20083B2C9 /* AOC13.swift */; };
		C9858F862585D2D20083B2C9 /* AOC13.swift in Sources */ = {isa = PBXBuildFile; fileRef = C9858F842585D2D20083B2C9 /* AOC13.swift */; };
		C9858F8A2587281B0083B2C9 /* AOC14.swift in Sources */ = {isa = PBXBuildFile; fileRef = C9858F892587281B0083B2C9 /* AOC14.swift */; };
		C9858F8B2587281B0083B2C9 /* AOC14.swift in Sources */ = {isa = PBXBuildFile; fileRef = C9858F892587281B0083B2C9 /* AOC14.swift */; };
		C9858F8F258879300083B2C9 /* AOC15.swift in Sources */ = {isa = PBXBuildFile; fileRef = C9858F8E258879300083B2C9 /* AOC15.swift */; };
		C9858F90258879300083B2C9 /* AOC15.swift in Sources */ = {isa = PBXBuildFile; fileRef = C9858F8E258879300083B2C9 /* AOC15.swift */; };
		C9F0A96025789513001FA924 /* AOC3.swift in Sources */ = {isa = PBXBuildFile; fileRef = C9F0A95F25789513001FA924 /* AOC3.swift */; };
		C9F0A96125789E82001FA924 /* AOC3.swift in Sources */ = {isa = PBXBuildFile; fileRef = C9F0A95F25789513001FA924 /* AOC3.swift */; };
		C9F0A9632578B141001FA924 /* Tuple.swift in Sources */ = {isa = PBXBuildFile; fileRef = C9F0A9622578B141001FA924 /* Tuple.swift */; };
		C9F0A9642578B18C001FA924 /* Tuple.swift in Sources */ = {isa = PBXBuildFile; fileRef = C9F0A9622578B141001FA924 /* Tuple.swift */; };
/* End PBXBuildFile section */

/* Begin PBXCopyFilesBuildPhase section */
		C93CC4BD23B597FE003FC00C /* CopyFiles */ = {
			isa = PBXCopyFilesBuildPhase;
			buildActionMask = 2147483647;
			dstPath = /usr/share/man/man1/;
			dstSubfolderSpec = 0;
			files = (
			);
			runOnlyForDeploymentPostprocessing = 1;
		};
/* End PBXCopyFilesBuildPhase section */

/* Begin PBXFileReference section */
		C90FE6AD23B5C5E800088B16 /* AdventOfCodeTests.xctest */ = {isa = PBXFileReference; explicitFileType = wrapper.cfbundle; includeInIndex = 0; path = AdventOfCodeTests.xctest; sourceTree = BUILT_PRODUCTS_DIR; };
		C90FE6B123B5C5E800088B16 /* Info.plist */ = {isa = PBXFileReference; lastKnownFileType = text.plist.xml; path = Info.plist; sourceTree = "<group>"; };
		C914FD752579F9010075DC59 /* AOC4.swift */ = {isa = PBXFileReference; lastKnownFileType = sourcecode.swift; path = AOC4.swift; sourceTree = "<group>"; };
		C914FD7C257B4A780075DC59 /* AOC5.swift */ = {isa = PBXFileReference; lastKnownFileType = sourcecode.swift; path = AOC5.swift; sourceTree = "<group>"; };
		C914FD81257B60FC0075DC59 /* IndexSet.swift */ = {isa = PBXFileReference; lastKnownFileType = sourcecode.swift; path = IndexSet.swift; sourceTree = "<group>"; };
		C914FD88257C9BD70075DC59 /* AOC6.swift */ = {isa = PBXFileReference; lastKnownFileType = sourcecode.swift; path = AOC6.swift; sourceTree = "<group>"; };
		C914FD8D257CA8BD0075DC59 /* Leaderboard.swift */ = {isa = PBXFileReference; lastKnownFileType = sourcecode.swift; path = Leaderboard.swift; sourceTree = "<group>"; };
		C914FD92257CA9460075DC59 /* HTTPCookieStorage.swift */ = {isa = PBXFileReference; lastKnownFileType = sourcecode.swift; path = HTTPCookieStorage.swift; sourceTree = "<group>"; };
		C914FD97257DEDC70075DC59 /* AOC7.swift */ = {isa = PBXFileReference; lastKnownFileType = sourcecode.swift; path = AOC7.swift; sourceTree = "<group>"; };
		C914FD9E257F3F150075DC59 /* AOC8.swift */ = {isa = PBXFileReference; lastKnownFileType = sourcecode.swift; path = AOC8.swift; sourceTree = "<group>"; };
		C91CAA1F23B6E2F300DB2F6B /* PuzzleTests.swift */ = {isa = PBXFileReference; lastKnownFileType = sourcecode.swift; path = PuzzleTests.swift; sourceTree = "<group>"; };
		C93CC4BF23B597FE003FC00C /* AdventOfCode */ = {isa = PBXFileReference; explicitFileType = "compiled.mach-o.executable"; includeInIndex = 0; path = AdventOfCode; sourceTree = BUILT_PRODUCTS_DIR; };
		C93CC4C223B597FE003FC00C /* main.swift */ = {isa = PBXFileReference; lastKnownFileType = sourcecode.swift; path = main.swift; sourceTree = "<group>"; };
		C93CC4D323B59ADF003FC00C /* AOC1.swift */ = {isa = PBXFileReference; lastKnownFileType = sourcecode.swift; path = AOC1.swift; sourceTree = "<group>"; };
		C945A9722576007900932A38 /* Example.swift */ = {isa = PBXFileReference; fileEncoding = 4; lastKnownFileType = sourcecode.swift; path = Example.swift; sourceTree = "<group>"; };
		C945A9752577562D00932A38 /* AOC2.swift */ = {isa = PBXFileReference; lastKnownFileType = sourcecode.swift; path = AOC2.swift; sourceTree = "<group>"; };
		C945A9782577708100932A38 /* InputStore.swift */ = {isa = PBXFileReference; lastKnownFileType = sourcecode.swift; path = InputStore.swift; sourceTree = "<group>"; };
		C945A9812577978700932A38 /* PuzzleSet.swift */ = {isa = PBXFileReference; lastKnownFileType = sourcecode.swift; path = PuzzleSet.swift; sourceTree = "<group>"; };
		C945A990257808F300932A38 /* String.swift */ = {isa = PBXFileReference; lastKnownFileType = sourcecode.swift; path = String.swift; sourceTree = "<group>"; };
		C945A992257808FB00932A38 /* Date.swift */ = {isa = PBXFileReference; lastKnownFileType = sourcecode.swift; path = Date.swift; sourceTree = "<group>"; };
		C945A9942578090D00932A38 /* Sequence.swift */ = {isa = PBXFileReference; lastKnownFileType = sourcecode.swift; path = Sequence.swift; sourceTree = "<group>"; };
		C9858F5B2580911B0083B2C9 /* AOC9.swift */ = {isa = PBXFileReference; lastKnownFileType = sourcecode.swift; path = AOC9.swift; sourceTree = "<group>"; };
		C9858F622580A28F0083B2C9 /* AOC10.swift */ = {isa = PBXFileReference; lastKnownFileType = sourcecode.swift; path = AOC10.swift; sourceTree = "<group>"; };
		C9858F672580A2C20083B2C9 /* Program.swift */ = {isa = PBXFileReference; lastKnownFileType = sourcecode.swift; path = Program.swift; sourceTree = "<group>"; };
		C9858F6C258333720083B2C9 /* AOC11.swift */ = {isa = PBXFileReference; lastKnownFileType = sourcecode.swift; path = AOC11.swift; sourceTree = "<group>"; };
		C9858F712584850F0083B2C9 /* AOC12.swift */ = {isa = PBXFileReference; lastKnownFileType = sourcecode.swift; path = AOC12.swift; sourceTree = "<group>"; };
		C9858F762584A2100083B2C9 /* Point.swift */ = {isa = PBXFileReference; lastKnownFileType = sourcecode.swift; path = Point.swift; sourceTree = "<group>"; };
		C9858F842585D2D20083B2C9 /* AOC13.swift */ = {isa = PBXFileReference; lastKnownFileType = sourcecode.swift; path = AOC13.swift; sourceTree = "<group>"; };
		C9858F892587281B0083B2C9 /* AOC14.swift */ = {isa = PBXFileReference; lastKnownFileType = sourcecode.swift; path = AOC14.swift; sourceTree = "<group>"; };
		C9858F8E258879300083B2C9 /* AOC15.swift */ = {isa = PBXFileReference; lastKnownFileType = sourcecode.swift; path = AOC15.swift; sourceTree = "<group>"; };
		C9F0A95F25789513001FA924 /* AOC3.swift */ = {isa = PBXFileReference; lastKnownFileType = sourcecode.swift; path = AOC3.swift; sourceTree = "<group>"; };
		C9F0A9622578B141001FA924 /* Tuple.swift */ = {isa = PBXFileReference; lastKnownFileType = sourcecode.swift; path = Tuple.swift; sourceTree = "<group>"; };
/* End PBXFileReference section */

/* Begin PBXFrameworksBuildPhase section */
		C90FE6AA23B5C5E800088B16 /* Frameworks */ = {
			isa = PBXFrameworksBuildPhase;
			buildActionMask = 2147483647;
			files = (
			);
			runOnlyForDeploymentPostprocessing = 0;
		};
		C93CC4BC23B597FE003FC00C /* Frameworks */ = {
			isa = PBXFrameworksBuildPhase;
			buildActionMask = 2147483647;
			files = (
				C945A9802577966500932A38 /* ArgumentParser in Frameworks */,
			);
			runOnlyForDeploymentPostprocessing = 0;
		};
/* End PBXFrameworksBuildPhase section */

/* Begin PBXGroup section */
		C90FE6AE23B5C5E800088B16 /* AdventOfCodeTests */ = {
			isa = PBXGroup;
			children = (
				C91CAA1F23B6E2F300DB2F6B /* PuzzleTests.swift */,
				C90FE6B123B5C5E800088B16 /* Info.plist */,
			);
			path = AdventOfCodeTests;
			sourceTree = "<group>";
		};
		C93CC4B623B597FE003FC00C = {
			isa = PBXGroup;
			children = (
				C93CC4C123B597FE003FC00C /* Sources */,
				C90FE6AE23B5C5E800088B16 /* AdventOfCodeTests */,
				C93CC4C023B597FE003FC00C /* Products */,
			);
			sourceTree = "<group>";
		};
		C93CC4C023B597FE003FC00C /* Products */ = {
			isa = PBXGroup;
			children = (
				C93CC4BF23B597FE003FC00C /* AdventOfCode */,
				C90FE6AD23B5C5E800088B16 /* AdventOfCodeTests.xctest */,
			);
			name = Products;
			sourceTree = "<group>";
		};
		C93CC4C123B597FE003FC00C /* Sources */ = {
			isa = PBXGroup;
			children = (
				C945A97D25778C7B00932A38 /* AdventOfCode */,
			);
			path = Sources;
			sourceTree = "<group>";
		};
		C945A97D25778C7B00932A38 /* AdventOfCode */ = {
			isa = PBXGroup;
			children = (
				C93CC4C223B597FE003FC00C /* main.swift */,
				C945A9812577978700932A38 /* PuzzleSet.swift */,
				C945A9782577708100932A38 /* InputStore.swift */,
				C914FD8D257CA8BD0075DC59 /* Leaderboard.swift */,
				C945A9962578097F00932A38 /* Utilities */,
				C945A98F257808E200932A38 /* Puzzles */,
			);
			path = AdventOfCode;
			sourceTree = "<group>";
		};
		C945A98F257808E200932A38 /* Puzzles */ = {
			isa = PBXGroup;
			children = (
				C945A9722576007900932A38 /* Example.swift */,
				C93CC4D323B59ADF003FC00C /* AOC1.swift */,
				C945A9752577562D00932A38 /* AOC2.swift */,
				C9F0A95F25789513001FA924 /* AOC3.swift */,
				C914FD752579F9010075DC59 /* AOC4.swift */,
				C914FD7C257B4A780075DC59 /* AOC5.swift */,
				C914FD88257C9BD70075DC59 /* AOC6.swift */,
				C914FD97257DEDC70075DC59 /* AOC7.swift */,
				C914FD9E257F3F150075DC59 /* AOC8.swift */,
				C9858F5B2580911B0083B2C9 /* AOC9.swift */,
				C9858F622580A28F0083B2C9 /* AOC10.swift */,
				C9858F6C258333720083B2C9 /* AOC11.swift */,
				C9858F712584850F0083B2C9 /* AOC12.swift */,
				C9858F842585D2D20083B2C9 /* AOC13.swift */,
				C9858F892587281B0083B2C9 /* AOC14.swift */,
				C9858F8E258879300083B2C9 /* AOC15.swift */,
				C9858F672580A2C20083B2C9 /* Program.swift */,
			);
			path = Puzzles;
			sourceTree = "<group>";
		};
		C945A9962578097F00932A38 /* Utilities */ = {
			isa = PBXGroup;
			children = (
				C945A992257808FB00932A38 /* Date.swift */,
				C914FD92257CA9460075DC59 /* HTTPCookieStorage.swift */,
				C914FD81257B60FC0075DC59 /* IndexSet.swift */,
				C945A9942578090D00932A38 /* Sequence.swift */,
				C945A990257808F300932A38 /* String.swift */,
				C9F0A9622578B141001FA924 /* Tuple.swift */,
				C9858F762584A2100083B2C9 /* Point.swift */,
			);
			path = Utilities;
			sourceTree = "<group>";
		};
/* End PBXGroup section */

/* Begin PBXNativeTarget section */
		C90FE6AC23B5C5E800088B16 /* AdventOfCodeTests */ = {
			isa = PBXNativeTarget;
			buildConfigurationList = C90FE6B223B5C5E800088B16 /* Build configuration list for PBXNativeTarget "AdventOfCodeTests" */;
			buildPhases = (
				C90FE6A923B5C5E800088B16 /* Sources */,
				C90FE6AA23B5C5E800088B16 /* Frameworks */,
				C90FE6AB23B5C5E800088B16 /* Resources */,
			);
			buildRules = (
			);
			dependencies = (
			);
			name = AdventOfCodeTests;
			productName = AdventOfCodeTests;
			productReference = C90FE6AD23B5C5E800088B16 /* AdventOfCodeTests.xctest */;
			productType = "com.apple.product-type.bundle.unit-test";
		};
		C93CC4BE23B597FE003FC00C /* AdventOfCode */ = {
			isa = PBXNativeTarget;
			buildConfigurationList = C93CC4C623B597FE003FC00C /* Build configuration list for PBXNativeTarget "AdventOfCode" */;
			buildPhases = (
				C93CC4BB23B597FE003FC00C /* Sources */,
				C93CC4BC23B597FE003FC00C /* Frameworks */,
				C93CC4BD23B597FE003FC00C /* CopyFiles */,
			);
			buildRules = (
			);
			dependencies = (
			);
			name = AdventOfCode;
			packageProductDependencies = (
				C945A97F2577966500932A38 /* ArgumentParser */,
			);
			productName = AdventOfCode;
			productReference = C93CC4BF23B597FE003FC00C /* AdventOfCode */;
			productType = "com.apple.product-type.tool";
		};
/* End PBXNativeTarget section */

/* Begin PBXProject section */
		C93CC4B723B597FE003FC00C /* Project object */ = {
			isa = PBXProject;
			attributes = {
				LastSwiftUpdateCheck = 1140;
				LastUpgradeCheck = 1140;
				ORGANIZATIONNAME = "Roxanne Brittain";
				TargetAttributes = {
					C90FE6AC23B5C5E800088B16 = {
						CreatedOnToolsVersion = 11.2.1;
					};
					C93CC4BE23B597FE003FC00C = {
						CreatedOnToolsVersion = 11.2.1;
					};
				};
			};
			buildConfigurationList = C93CC4BA23B597FE003FC00C /* Build configuration list for PBXProject "AdventOfCode" */;
			compatibilityVersion = "Xcode 9.3";
			developmentRegion = en;
			hasScannedForEncodings = 0;
			knownRegions = (
				en,
				Base,
			);
			mainGroup = C93CC4B623B597FE003FC00C;
			packageReferences = (
				C945A97E2577966500932A38 /* XCRemoteSwiftPackageReference "swift-argument-parser" */,
			);
			productRefGroup = C93CC4C023B597FE003FC00C /* Products */;
			projectDirPath = "";
			projectRoot = "";
			targets = (
				C93CC4BE23B597FE003FC00C /* AdventOfCode */,
				C90FE6AC23B5C5E800088B16 /* AdventOfCodeTests */,
			);
		};
/* End PBXProject section */

/* Begin PBXResourcesBuildPhase section */
		C90FE6AB23B5C5E800088B16 /* Resources */ = {
			isa = PBXResourcesBuildPhase;
			buildActionMask = 2147483647;
			files = (
			);
			runOnlyForDeploymentPostprocessing = 0;
		};
/* End PBXResourcesBuildPhase section */

/* Begin PBXSourcesBuildPhase section */
		C90FE6A923B5C5E800088B16 /* Sources */ = {
			isa = PBXSourcesBuildPhase;
			buildActionMask = 2147483647;
			files = (
				C9858F782584A2100083B2C9 /* Point.swift in Sources */,
				C9858F8B2587281B0083B2C9 /* AOC14.swift in Sources */,
				C914FD8A257C9BD70075DC59 /* AOC6.swift in Sources */,
				C9858F90258879300083B2C9 /* AOC15.swift in Sources */,
				C914FD8F257CA8BD0075DC59 /* Leaderboard.swift in Sources */,
				C914FD772579F9010075DC59 /* AOC4.swift in Sources */,
				C945A9992578099600932A38 /* Sequence.swift in Sources */,
				C9858F732584850F0083B2C9 /* AOC12.swift in Sources */,
				C945A97725776A6900932A38 /* AOC2.swift in Sources */,
				C945A9832577978C00932A38 /* PuzzleSet.swift in Sources */,
				C9858F692580A2C20083B2C9 /* Program.swift in Sources */,
				C91CAA2123B6E32400DB2F6B /* AOC1.swift in Sources */,
				C914FD83257B60FC0075DC59 /* IndexSet.swift in Sources */,
				C945A9982578099600932A38 /* Date.swift in Sources */,
				C914FDA0257F3F150075DC59 /* AOC8.swift in Sources */,
				C914FD99257DEDC70075DC59 /* AOC7.swift in Sources */,
				C9F0A96125789E82001FA924 /* AOC3.swift in Sources */,
				C914FD7E257B4A780075DC59 /* AOC5.swift in Sources */,
				C9858F6E258333720083B2C9 /* AOC11.swift in Sources */,
				C9858F642580A28F0083B2C9 /* AOC10.swift in Sources */,
				C9F0A9642578B18C001FA924 /* Tuple.swift in Sources */,
				C914FD94257CA9460075DC59 /* HTTPCookieStorage.swift in Sources */,
				C91CAA2023B6E2F300DB2F6B /* PuzzleTests.swift in Sources */,
				C9858F5D2580911B0083B2C9 /* AOC9.swift in Sources */,
				C945A9972578099600932A38 /* String.swift in Sources */,
				C9858F862585D2D20083B2C9 /* AOC13.swift in Sources */,
				C945A97A2577725200932A38 /* InputStore.swift in Sources */,
				C945A974257600D900932A38 /* Example.swift in Sources */,
			);
			runOnlyForDeploymentPostprocessing = 0;
		};
		C93CC4BB23B597FE003FC00C /* Sources */ = {
			isa = PBXSourcesBuildPhase;
			buildActionMask = 2147483647;
			files = (
				C9858F772584A2100083B2C9 /* Point.swift in Sources */,
				C9858F8A2587281B0083B2C9 /* AOC14.swift in Sources */,
				C914FD89257C9BD70075DC59 /* AOC6.swift in Sources */,
				C9858F8F258879300083B2C9 /* AOC15.swift in Sources */,
				C914FD8E257CA8BD0075DC59 /* Leaderboard.swift in Sources */,
				C914FD762579F9010075DC59 /* AOC4.swift in Sources */,
				C945A9762577562D00932A38 /* AOC2.swift in Sources */,
				C9858F722584850F0083B2C9 /* AOC12.swift in Sources */,
				C945A9952578090D00932A38 /* Sequence.swift in Sources */,
				C945A9822577978700932A38 /* PuzzleSet.swift in Sources */,
				C9858F682580A2C20083B2C9 /* Program.swift in Sources */,
				C945A9732576007900932A38 /* Example.swift in Sources */,
				C914FD82257B60FC0075DC59 /* IndexSet.swift in Sources */,
				C945A9792577708100932A38 /* InputStore.swift in Sources */,
				C914FD9F257F3F150075DC59 /* AOC8.swift in Sources */,
				C914FD98257DEDC70075DC59 /* AOC7.swift in Sources */,
				C9F0A96025789513001FA924 /* AOC3.swift in Sources */,
				C914FD7D257B4A780075DC59 /* AOC5.swift in Sources */,
				C9858F6D258333720083B2C9 /* AOC11.swift in Sources */,
				C9858F632580A28F0083B2C9 /* AOC10.swift in Sources */,
				C9F0A9632578B141001FA924 /* Tuple.swift in Sources */,
				C914FD93257CA9460075DC59 /* HTTPCookieStorage.swift in Sources */,
				C93CC4C323B597FE003FC00C /* main.swift in Sources */,
				C9858F5C2580911B0083B2C9 /* AOC9.swift in Sources */,
				C945A991257808F300932A38 /* String.swift in Sources */,
				C9858F852585D2D20083B2C9 /* AOC13.swift in Sources */,
				C945A993257808FB00932A38 /* Date.swift in Sources */,
				C93CC4D423B59ADF003FC00C /* AOC1.swift in Sources */,
			);
			runOnlyForDeploymentPostprocessing = 0;
		};
/* End PBXSourcesBuildPhase section */

/* Begin XCBuildConfiguration section */
		C90FE6B323B5C5E800088B16 /* Debug */ = {
			isa = XCBuildConfiguration;
			buildSettings = {
				CODE_SIGN_STYLE = Automatic;
				COMBINE_HIDPI_IMAGES = YES;
				INFOPLIST_FILE = AdventOfCodeTests/Info.plist;
				LD_RUNPATH_SEARCH_PATHS = (
					"$(inherited)",
					"@executable_path/../Frameworks",
					"@loader_path/../Frameworks",
				);
				PRODUCT_BUNDLE_IDENTIFIER = com.roxannebrittain.AdventOfCodeTests;
				PRODUCT_NAME = "$(TARGET_NAME)";
				SWIFT_VERSION = 5.0;
			};
			name = Debug;
		};
		C90FE6B423B5C5E800088B16 /* Release */ = {
			isa = XCBuildConfiguration;
			buildSettings = {
				CODE_SIGN_STYLE = Automatic;
				COMBINE_HIDPI_IMAGES = YES;
				INFOPLIST_FILE = AdventOfCodeTests/Info.plist;
				LD_RUNPATH_SEARCH_PATHS = (
					"$(inherited)",
					"@executable_path/../Frameworks",
					"@loader_path/../Frameworks",
				);
				PRODUCT_BUNDLE_IDENTIFIER = com.roxannebrittain.AdventOfCodeTests;
				PRODUCT_NAME = "$(TARGET_NAME)";
				SWIFT_VERSION = 5.0;
			};
			name = Release;
		};
		C93CC4C423B597FE003FC00C /* Debug */ = {
			isa = XCBuildConfiguration;
			buildSettings = {
				ALWAYS_SEARCH_USER_PATHS = NO;
				CLANG_ANALYZER_NONNULL = YES;
				CLANG_ANALYZER_NUMBER_OBJECT_CONVERSION = YES_AGGRESSIVE;
				CLANG_CXX_LANGUAGE_STANDARD = "gnu++14";
				CLANG_CXX_LIBRARY = "libc++";
				CLANG_ENABLE_MODULES = YES;
				CLANG_ENABLE_OBJC_ARC = YES;
				CLANG_ENABLE_OBJC_WEAK = YES;
				CLANG_WARN_BLOCK_CAPTURE_AUTORELEASING = YES;
				CLANG_WARN_BOOL_CONVERSION = YES;
				CLANG_WARN_COMMA = YES;
				CLANG_WARN_CONSTANT_CONVERSION = YES;
				CLANG_WARN_DEPRECATED_OBJC_IMPLEMENTATIONS = YES;
				CLANG_WARN_DIRECT_OBJC_ISA_USAGE = YES_ERROR;
				CLANG_WARN_DOCUMENTATION_COMMENTS = YES;
				CLANG_WARN_EMPTY_BODY = YES;
				CLANG_WARN_ENUM_CONVERSION = YES;
				CLANG_WARN_INFINITE_RECURSION = YES;
				CLANG_WARN_INT_CONVERSION = YES;
				CLANG_WARN_NON_LITERAL_NULL_CONVERSION = YES;
				CLANG_WARN_OBJC_IMPLICIT_RETAIN_SELF = YES;
				CLANG_WARN_OBJC_LITERAL_CONVERSION = YES;
				CLANG_WARN_OBJC_ROOT_CLASS = YES_ERROR;
				CLANG_WARN_RANGE_LOOP_ANALYSIS = YES;
				CLANG_WARN_STRICT_PROTOTYPES = YES;
				CLANG_WARN_SUSPICIOUS_MOVE = YES;
				CLANG_WARN_UNGUARDED_AVAILABILITY = YES_AGGRESSIVE;
				CLANG_WARN_UNREACHABLE_CODE = YES;
				CLANG_WARN__DUPLICATE_METHOD_MATCH = YES;
				COPY_PHASE_STRIP = NO;
				DEBUG_INFORMATION_FORMAT = dwarf;
				ENABLE_STRICT_OBJC_MSGSEND = YES;
				ENABLE_TESTABILITY = YES;
				GCC_C_LANGUAGE_STANDARD = gnu11;
				GCC_DYNAMIC_NO_PIC = NO;
				GCC_NO_COMMON_BLOCKS = YES;
				GCC_OPTIMIZATION_LEVEL = 0;
				GCC_PREPROCESSOR_DEFINITIONS = (
					"DEBUG=1",
					"$(inherited)",
				);
				GCC_WARN_64_TO_32_BIT_CONVERSION = YES;
				GCC_WARN_ABOUT_RETURN_TYPE = YES_ERROR;
				GCC_WARN_UNDECLARED_SELECTOR = YES;
				GCC_WARN_UNINITIALIZED_AUTOS = YES_AGGRESSIVE;
				GCC_WARN_UNUSED_FUNCTION = YES;
				GCC_WARN_UNUSED_VARIABLE = YES;
				MACOSX_DEPLOYMENT_TARGET = 10.15;
				MTL_ENABLE_DEBUG_INFO = INCLUDE_SOURCE;
				MTL_FAST_MATH = YES;
				ONLY_ACTIVE_ARCH = YES;
				SDKROOT = macosx;
				SWIFT_ACTIVE_COMPILATION_CONDITIONS = DEBUG;
				SWIFT_OPTIMIZATION_LEVEL = "-Onone";
			};
			name = Debug;
		};
		C93CC4C523B597FE003FC00C /* Release */ = {
			isa = XCBuildConfiguration;
			buildSettings = {
				ALWAYS_SEARCH_USER_PATHS = NO;
				CLANG_ANALYZER_NONNULL = YES;
				CLANG_ANALYZER_NUMBER_OBJECT_CONVERSION = YES_AGGRESSIVE;
				CLANG_CXX_LANGUAGE_STANDARD = "gnu++14";
				CLANG_CXX_LIBRARY = "libc++";
				CLANG_ENABLE_MODULES = YES;
				CLANG_ENABLE_OBJC_ARC = YES;
				CLANG_ENABLE_OBJC_WEAK = YES;
				CLANG_WARN_BLOCK_CAPTURE_AUTORELEASING = YES;
				CLANG_WARN_BOOL_CONVERSION = YES;
				CLANG_WARN_COMMA = YES;
				CLANG_WARN_CONSTANT_CONVERSION = YES;
				CLANG_WARN_DEPRECATED_OBJC_IMPLEMENTATIONS = YES;
				CLANG_WARN_DIRECT_OBJC_ISA_USAGE = YES_ERROR;
				CLANG_WARN_DOCUMENTATION_COMMENTS = YES;
				CLANG_WARN_EMPTY_BODY = YES;
				CLANG_WARN_ENUM_CONVERSION = YES;
				CLANG_WARN_INFINITE_RECURSION = YES;
				CLANG_WARN_INT_CONVERSION = YES;
				CLANG_WARN_NON_LITERAL_NULL_CONVERSION = YES;
				CLANG_WARN_OBJC_IMPLICIT_RETAIN_SELF = YES;
				CLANG_WARN_OBJC_LITERAL_CONVERSION = YES;
				CLANG_WARN_OBJC_ROOT_CLASS = YES_ERROR;
				CLANG_WARN_RANGE_LOOP_ANALYSIS = YES;
				CLANG_WARN_STRICT_PROTOTYPES = YES;
				CLANG_WARN_SUSPICIOUS_MOVE = YES;
				CLANG_WARN_UNGUARDED_AVAILABILITY = YES_AGGRESSIVE;
				CLANG_WARN_UNREACHABLE_CODE = YES;
				CLANG_WARN__DUPLICATE_METHOD_MATCH = YES;
				COPY_PHASE_STRIP = NO;
				DEBUG_INFORMATION_FORMAT = "dwarf-with-dsym";
				ENABLE_NS_ASSERTIONS = NO;
				ENABLE_STRICT_OBJC_MSGSEND = YES;
				GCC_C_LANGUAGE_STANDARD = gnu11;
				GCC_NO_COMMON_BLOCKS = YES;
				GCC_WARN_64_TO_32_BIT_CONVERSION = YES;
				GCC_WARN_ABOUT_RETURN_TYPE = YES_ERROR;
				GCC_WARN_UNDECLARED_SELECTOR = YES;
				GCC_WARN_UNINITIALIZED_AUTOS = YES_AGGRESSIVE;
				GCC_WARN_UNUSED_FUNCTION = YES;
				GCC_WARN_UNUSED_VARIABLE = YES;
				MACOSX_DEPLOYMENT_TARGET = 10.15;
				MTL_ENABLE_DEBUG_INFO = NO;
				MTL_FAST_MATH = YES;
				SDKROOT = macosx;
				SWIFT_COMPILATION_MODE = wholemodule;
				SWIFT_OPTIMIZATION_LEVEL = "-O";
			};
			name = Release;
		};
		C93CC4C723B597FE003FC00C /* Debug */ = {
			isa = XCBuildConfiguration;
			buildSettings = {
				CODE_SIGN_STYLE = Automatic;
				DEVELOPMENT_TEAM = "";
				ENABLE_HARDENED_RUNTIME = YES;
				PRODUCT_NAME = "$(TARGET_NAME)";
				SWIFT_VERSION = 5.0;
			};
			name = Debug;
		};
		C93CC4C823B597FE003FC00C /* Release */ = {
			isa = XCBuildConfiguration;
			buildSettings = {
				CODE_SIGN_STYLE = Automatic;
				DEVELOPMENT_TEAM = "";
				ENABLE_HARDENED_RUNTIME = YES;
				PRODUCT_NAME = "$(TARGET_NAME)";
				SWIFT_VERSION = 5.0;
			};
			name = Release;
		};
/* End XCBuildConfiguration section */

/* Begin XCConfigurationList section */
		C90FE6B223B5C5E800088B16 /* Build configuration list for PBXNativeTarget "AdventOfCodeTests" */ = {
			isa = XCConfigurationList;
			buildConfigurations = (
				C90FE6B323B5C5E800088B16 /* Debug */,
				C90FE6B423B5C5E800088B16 /* Release */,
			);
			defaultConfigurationIsVisible = 0;
			defaultConfigurationName = Release;
		};
		C93CC4BA23B597FE003FC00C /* Build configuration list for PBXProject "AdventOfCode" */ = {
			isa = XCConfigurationList;
			buildConfigurations = (
				C93CC4C423B597FE003FC00C /* Debug */,
				C93CC4C523B597FE003FC00C /* Release */,
			);
			defaultConfigurationIsVisible = 0;
			defaultConfigurationName = Release;
		};
		C93CC4C623B597FE003FC00C /* Build configuration list for PBXNativeTarget "AdventOfCode" */ = {
			isa = XCConfigurationList;
			buildConfigurations = (
				C93CC4C723B597FE003FC00C /* Debug */,
				C93CC4C823B597FE003FC00C /* Release */,
			);
			defaultConfigurationIsVisible = 0;
			defaultConfigurationName = Release;
		};
/* End XCConfigurationList section */

/* Begin XCRemoteSwiftPackageReference section */
		C945A97E2577966500932A38 /* XCRemoteSwiftPackageReference "swift-argument-parser" */ = {
			isa = XCRemoteSwiftPackageReference;
			repositoryURL = "https://github.com/apple/swift-argument-parser";
			requirement = {
				kind = upToNextMajorVersion;
				minimumVersion = 0.3.1;
			};
		};
/* End XCRemoteSwiftPackageReference section */

/* Begin XCSwiftPackageProductDependency section */
		C945A97F2577966500932A38 /* ArgumentParser */ = {
			isa = XCSwiftPackageProductDependency;
			package = C945A97E2577966500932A38 /* XCRemoteSwiftPackageReference "swift-argument-parser" */;
			productName = ArgumentParser;
		};
/* End XCSwiftPackageProductDependency section */
	};
	rootObject = C93CC4B723B597FE003FC00C /* Project object */;
}
